
Microsoft Visual Studio Solution File, Format Version 12.00
# Visual Studio Version 17
VisualStudioVersion = 17.11.35327.3
MinimumVisualStudioVersion = 10.0.40219.1
Project("{8BC9CEB8-8B4A-11D0-8D11-00A0C91BC942}") = "Smart_Campus", "Smart_Campus\Smart_Campus.vcxproj", "{A3FEA8A0-E969-4D1F-84FD-FA82C448B977}"
EndProject
Global
	GlobalSection(SolutionConfigurationPlatforms) = preSolution
		Debug|x64 = Debug|x64
		Debug|x86 = Debug|x86
		Release|x64 = Release|x64
		Release|x86 = Release|x86
	EndGlobalSection
	GlobalSection(ProjectConfigurationPlatforms) = postSolution
		{A3FEA8A0-E969-4D1F-84FD-FA82C448B977}.Debug|x64.ActiveCfg = Debug|x64
		{A3FEA8A0-E969-4D1F-84FD-FA82C448B977}.Debug|x64.Build.0 = Debug|x64
		{A3FEA8A0-E969-4D1F-84FD-FA82C448B977}.Debug|x86.ActiveCfg = Debug|Win32
		{A3FEA8A0-E969-4D1F-84FD-FA82C448B977}.Debug|x86.Build.0 = Debug|Win32
		{A3FEA8A0-E969-4D1F-84FD-FA82C448B977}.Release|x64.ActiveCfg = Release|x64
		{A3FEA8A0-E969-4D1F-84FD-FA82C448B977}.Release|x64.Build.0 = Release|x64
		{A3FEA8A0-E969-4D1F-84FD-FA82C448B977}.Release|x86.ActiveCfg = Release|Win32
		{A3FEA8A0-E969-4D1F-84FD-FA82C448B977}.Release|x86.Build.0 = Release|Win32
	EndGlobalSection
	GlobalSection(SolutionProperties) = preSolution
		HideSolutionNode = FALSE
	EndGlobalSection
	GlobalSection(ExtensibilityGlobals) = postSolution
		SolutionGuid = {BBB27F31-8F21-4F17-A26F-14C50B4688BC}
	EndGlobalSection
EndGlobal
